// !$*UTF8*$!
{
	archiveVersion = 1;
	classes = {
	};
	objectVersion = 46;
	objects = {

/* Begin PBXBuildFile section */
		E4BD0B351A692C740034A8D0 /* AppDelegate.swift in Sources */ = {isa = PBXBuildFile; fileRef = E4BD0B341A692C740034A8D0 /* AppDelegate.swift */; };
		E4BD0B371A692C740034A8D0 /* MasterViewController.swift in Sources */ = {isa = PBXBuildFile; fileRef = E4BD0B361A692C740034A8D0 /* MasterViewController.swift */; };
		E4BD0B391A692C740034A8D0 /* DetailViewController.swift in Sources */ = {isa = PBXBuildFile; fileRef = E4BD0B381A692C740034A8D0 /* DetailViewController.swift */; };
		E4BD0B3C1A692C740034A8D0 /* Main.storyboard in Resources */ = {isa = PBXBuildFile; fileRef = E4BD0B3A1A692C740034A8D0 /* Main.storyboard */; };
		E4BD0B3E1A692C740034A8D0 /* Images.xcassets in Resources */ = {isa = PBXBuildFile; fileRef = E4BD0B3D1A692C740034A8D0 /* Images.xcassets */; };
		E4BD0B411A692C740034A8D0 /* LaunchScreen.xib in Resources */ = {isa = PBXBuildFile; fileRef = E4BD0B3F1A692C740034A8D0 /* LaunchScreen.xib */; };
		E4BD0B4D1A692C740034A8D0 /* LessonManager_Late_Jan_15Tests.swift in Sources */ = {isa = PBXBuildFile; fileRef = E4BD0B4C1A692C740034A8D0 /* LessonManager_Late_Jan_15Tests.swift */; };
/* End PBXBuildFile section */

/* Begin PBXContainerItemProxy section */
		E4BD0B471A692C740034A8D0 /* PBXContainerItemProxy */ = {
			isa = PBXContainerItemProxy;
			containerPortal = E4BD0B271A692C730034A8D0 /* Project object */;
			proxyType = 1;
			remoteGlobalIDString = E4BD0B2E1A692C740034A8D0;
			remoteInfo = LessonManager_Late_Jan_15;
		};
/* End PBXContainerItemProxy section */

/* Begin PBXFileReference section */
		E4BD0B2F1A692C740034A8D0 /* LessonManager_Late_Jan_15.app */ = {isa = PBXFileReference; explicitFileType = wrapper.application; includeInIndex = 0; path = LessonManager_Late_Jan_15.app; sourceTree = BUILT_PRODUCTS_DIR; };
		E4BD0B331A692C740034A8D0 /* Info.plist */ = {isa = PBXFileReference; lastKnownFileType = text.plist.xml; path = Info.plist; sourceTree = "<group>"; };
		E4BD0B341A692C740034A8D0 /* AppDelegate.swift */ = {isa = PBXFileReference; lastKnownFileType = sourcecode.swift; path = AppDelegate.swift; sourceTree = "<group>"; };
		E4BD0B361A692C740034A8D0 /* MasterViewController.swift */ = {isa = PBXFileReference; lastKnownFileType = sourcecode.swift; path = MasterViewController.swift; sourceTree = "<group>"; };
		E4BD0B381A692C740034A8D0 /* DetailViewController.swift */ = {isa = PBXFileReference; lastKnownFileType = sourcecode.swift; path = DetailViewController.swift; sourceTree = "<group>"; };
		E4BD0B3B1A692C740034A8D0 /* Base */ = {isa = PBXFileReference; lastKnownFileType = file.storyboard; name = Base; path = Base.lproj/Main.storyboard; sourceTree = "<group>"; };
		E4BD0B3D1A692C740034A8D0 /* Images.xcassets */ = {isa = PBXFileReference; lastKnownFileType = folder.assetcatalog; path = Images.xcassets; sourceTree = "<group>"; };
		E4BD0B401A692C740034A8D0 /* Base */ = {isa = PBXFileReference; lastKnownFileType = file.xib; name = Base; path = Base.lproj/LaunchScreen.xib; sourceTree = "<group>"; };
		E4BD0B461A692C740034A8D0 /* LessonManager_Late_Jan_15Tests.xctest */ = {isa = PBXFileReference; explicitFileType = wrapper.cfbundle; includeInIndex = 0; path = LessonManager_Late_Jan_15Tests.xctest; sourceTree = BUILT_PRODUCTS_DIR; };
		E4BD0B4B1A692C740034A8D0 /* Info.plist */ = {isa = PBXFileReference; lastKnownFileType = text.plist.xml; path = Info.plist; sourceTree = "<group>"; };
		E4BD0B4C1A692C740034A8D0 /* LessonManager_Late_Jan_15Tests.swift */ = {isa = PBXFileReference; lastKnownFileType = sourcecode.swift; path = LessonManager_Late_Jan_15Tests.swift; sourceTree = "<group>"; };
/* End PBXFileReference section */

/* Begin PBXFrameworksBuildPhase section */
		E4BD0B2C1A692C740034A8D0 /* Frameworks */ = {
			isa = PBXFrameworksBuildPhase;
			buildActionMask = 2147483647;
			files = (
			);
			runOnlyForDeploymentPostprocessing = 0;
		};
		E4BD0B431A692C740034A8D0 /* Frameworks */ = {
			isa = PBXFrameworksBuildPhase;
			buildActionMask = 2147483647;
			files = (
			);
			runOnlyForDeploymentPostprocessing = 0;
		};
/* End PBXFrameworksBuildPhase section */

/* Begin PBXGroup section */
		E4BD0B261A692C730034A8D0 = {
			isa = PBXGroup;
			children = (
				E4BD0B311A692C740034A8D0 /* LessonManager_Late_Jan_15 */,
				E4BD0B491A692C740034A8D0 /* LessonManager_Late_Jan_15Tests */,
				E4BD0B301A692C740034A8D0 /* Products */,
			);
			sourceTree = "<group>";
		};
		E4BD0B301A692C740034A8D0 /* Products */ = {
			isa = PBXGroup;
			children = (
				E4BD0B2F1A692C740034A8D0 /* LessonManager_Late_Jan_15.app */,
				E4BD0B461A692C740034A8D0 /* LessonManager_Late_Jan_15Tests.xctest */,
			);
			name = Products;
			sourceTree = "<group>";
		};
		E4BD0B311A692C740034A8D0 /* LessonManager_Late_Jan_15 */ = {
			isa = PBXGroup;
			children = (
				E4BD0B341A692C740034A8D0 /* AppDelegate.swift */,
				E4BD0B361A692C740034A8D0 /* MasterViewController.swift */,
				E4BD0B381A692C740034A8D0 /* DetailViewController.swift */,
				E4BD0B3A1A692C740034A8D0 /* Main.storyboard */,
				E4BD0B3D1A692C740034A8D0 /* Images.xcassets */,
				E4BD0B3F1A692C740034A8D0 /* LaunchScreen.xib */,
				E4BD0B321A692C740034A8D0 /* Supporting Files */,
			);
			path = LessonManager_Late_Jan_15;
			sourceTree = "<group>";
		};
		E4BD0B321A692C740034A8D0 /* Supporting Files */ = {
			isa = PBXGroup;
			children = (
				E4BD0B331A692C740034A8D0 /* Info.plist */,
			);
			name = "Supporting Files";
			sourceTree = "<group>";
		};
		E4BD0B491A692C740034A8D0 /* LessonManager_Late_Jan_15Tests */ = {
			isa = PBXGroup;
			children = (
				E4BD0B4C1A692C740034A8D0 /* LessonManager_Late_Jan_15Tests.swift */,
				E4BD0B4A1A692C740034A8D0 /* Supporting Files */,
			);
			path = LessonManager_Late_Jan_15Tests;
			sourceTree = "<group>";
		};
		E4BD0B4A1A692C740034A8D0 /* Supporting Files */ = {
			isa = PBXGroup;
			children = (
				E4BD0B4B1A692C740034A8D0 /* Info.plist */,
			);
			name = "Supporting Files";
			sourceTree = "<group>";
		};
/* End PBXGroup section */

/* Begin PBXNativeTarget section */
		E4BD0B2E1A692C740034A8D0 /* LessonManager_Late_Jan_15 */ = {
			isa = PBXNativeTarget;
			buildConfigurationList = E4BD0B501A692C740034A8D0 /* Build configuration list for PBXNativeTarget "LessonManager_Late_Jan_15" */;
			buildPhases = (
				E4BD0B2B1A692C740034A8D0 /* Sources */,
				E4BD0B2C1A692C740034A8D0 /* Frameworks */,
				E4BD0B2D1A692C740034A8D0 /* Resources */,
			);
			buildRules = (
			);
			dependencies = (
			);
			name = LessonManager_Late_Jan_15;
			productName = LessonManager_Late_Jan_15;
			productReference = E4BD0B2F1A692C740034A8D0 /* LessonManager_Late_Jan_15.app */;
			productType = "com.apple.product-type.application";
		};
		E4BD0B451A692C740034A8D0 /* LessonManager_Late_Jan_15Tests */ = {
			isa = PBXNativeTarget;
			buildConfigurationList = E4BD0B531A692C740034A8D0 /* Build configuration list for PBXNativeTarget "LessonManager_Late_Jan_15Tests" */;
			buildPhases = (
				E4BD0B421A692C740034A8D0 /* Sources */,
				E4BD0B431A692C740034A8D0 /* Frameworks */,
				E4BD0B441A692C740034A8D0 /* Resources */,
			);
			buildRules = (
			);
			dependencies = (
				E4BD0B481A692C740034A8D0 /* PBXTargetDependency */,
			);
			name = LessonManager_Late_Jan_15Tests;
			productName = LessonManager_Late_Jan_15Tests;
			productReference = E4BD0B461A692C740034A8D0 /* LessonManager_Late_Jan_15Tests.xctest */;
			productType = "com.apple.product-type.bundle.unit-test";
		};
/* End PBXNativeTarget section */

/* Begin PBXProject section */
		E4BD0B271A692C730034A8D0 /* Project object */ = {
			isa = PBXProject;
			attributes = {
				LastUpgradeCheck = 0610;
				ORGANIZATIONNAME = "Alex Bechmann";
				TargetAttributes = {
					E4BD0B2E1A692C740034A8D0 = {
						CreatedOnToolsVersion = 6.1.1;
					};
					E4BD0B451A692C740034A8D0 = {
						CreatedOnToolsVersion = 6.1.1;
						TestTargetID = E4BD0B2E1A692C740034A8D0;
					};
				};
			};
			buildConfigurationList = E4BD0B2A1A692C740034A8D0 /* Build configuration list for PBXProject "LessonManager_Late_Jan_15" */;
			compatibilityVersion = "Xcode 3.2";
			developmentRegion = English;
			hasScannedForEncodings = 0;
			knownRegions = (
				en,
				Base,
			);
			mainGroup = E4BD0B261A692C730034A8D0;
			productRefGroup = E4BD0B301A692C740034A8D0 /* Products */;
			projectDirPath = "";
			projectRoot = "";
			targets = (
				E4BD0B2E1A692C740034A8D0 /* LessonManager_Late_Jan_15 */,
				E4BD0B451A692C740034A8D0 /* LessonManager_Late_Jan_15Tests */,
			);
		};
/* End PBXProject section */

/* Begin PBXResourcesBuildPhase section */
		E4BD0B2D1A692C740034A8D0 /* Resources */ = {
			isa = PBXResourcesBuildPhase;
			buildActionMask = 2147483647;
			files = (
				E4BD0B3C1A692C740034A8D0 /* Main.storyboard in Resources */,
				E4BD0B411A692C740034A8D0 /* LaunchScreen.xib in Resources */,
				E4BD0B3E1A692C740034A8D0 /* Images.xcassets in Resources */,
			);
			runOnlyForDeploymentPostprocessing = 0;
		};
		E4BD0B441A692C740034A8D0 /* Resources */ = {
			isa = PBXResourcesBuildPhase;
			buildActionMask = 2147483647;
			files = (
			);
			runOnlyForDeploymentPostprocessing = 0;
		};
/* End PBXResourcesBuildPhase section */

/* Begin PBXSourcesBuildPhase section */
		E4BD0B2B1A692C740034A8D0 /* Sources */ = {
			isa = PBXSourcesBuildPhase;
			buildActionMask = 2147483647;
			files = (
				E4BD0B391A692C740034A8D0 /* DetailViewController.swift in Sources */,
				E4BD0B371A692C740034A8D0 /* MasterViewController.swift in Sources */,
				E4BD0B351A692C740034A8D0 /* AppDelegate.swift in Sources */,
			);
			runOnlyForDeploymentPostprocessing = 0;
		};
		E4BD0B421A692C740034A8D0 /* Sources */ = {
			isa = PBXSourcesBuildPhase;
			buildActionMask = 2147483647;
			files = (
				E4BD0B4D1A692C740034A8D0 /* LessonManager_Late_Jan_15Tests.swift in Sources */,
			);
			runOnlyForDeploymentPostprocessing = 0;
		};
/* End PBXSourcesBuildPhase section */

/* Begin PBXTargetDependency section */
		E4BD0B481A692C740034A8D0 /* PBXTargetDependency */ = {
			isa = PBXTargetDependency;
			target = E4BD0B2E1A692C740034A8D0 /* LessonManager_Late_Jan_15 */;
			targetProxy = E4BD0B471A692C740034A8D0 /* PBXContainerItemProxy */;
		};
/* End PBXTargetDependency section */

/* Begin PBXVariantGroup section */
		E4BD0B3A1A692C740034A8D0 /* Main.storyboard */ = {
			isa = PBXVariantGroup;
			children = (
				E4BD0B3B1A692C740034A8D0 /* Base */,
			);
			name = Main.storyboard;
			sourceTree = "<group>";
		};
		E4BD0B3F1A692C740034A8D0 /* LaunchScreen.xib */ = {
			isa = PBXVariantGroup;
			children = (
				E4BD0B401A692C740034A8D0 /* Base */,
			);
			name = LaunchScreen.xib;
			sourceTree = "<group>";
		};
/* End PBXVariantGroup section */

/* Begin XCBuildConfiguration section */
		E4BD0B4E1A692C740034A8D0 /* Debug */ = {
			isa = XCBuildConfiguration;
			buildSettings = {
				ALWAYS_SEARCH_USER_PATHS = NO;
				CLANG_CXX_LANGUAGE_STANDARD = "gnu++0x";
				CLANG_CXX_LIBRARY = "libc++";
				CLANG_ENABLE_MODULES = YES;
				CLANG_ENABLE_OBJC_ARC = YES;
				CLANG_WARN_BOOL_CONVERSION = YES;
				CLANG_WARN_CONSTANT_CONVERSION = YES;
				CLANG_WARN_DIRECT_OBJC_ISA_USAGE = YES_ERROR;
				CLANG_WARN_EMPTY_BODY = YES;
				CLANG_WARN_ENUM_CONVERSION = YES;
				CLANG_WARN_INT_CONVERSION = YES;
				CLANG_WARN_OBJC_ROOT_CLASS = YES_ERROR;
				CLANG_WARN_UNREACHABLE_CODE = YES;
				CLANG_WARN__DUPLICATE_METHOD_MATCH = YES;
				"CODE_SIGN_IDENTITY[sdk=iphoneos*]" = "iPhone Developer";
				COPY_PHASE_STRIP = NO;
				ENABLE_STRICT_OBJC_MSGSEND = YES;
				GCC_C_LANGUAGE_STANDARD = gnu99;
				GCC_DYNAMIC_NO_PIC = NO;
				GCC_OPTIMIZATION_LEVEL = 0;
				GCC_PREPROCESSOR_DEFINITIONS = (
					"DEBUG=1",
					"$(inherited)",
				);
				GCC_SYMBOLS_PRIVATE_EXTERN = NO;
				GCC_WARN_64_TO_32_BIT_CONVERSION = YES;
				GCC_WARN_ABOUT_RETURN_TYPE = YES_ERROR;
				GCC_WARN_UNDECLARED_SELECTOR = YES;
				GCC_WARN_UNINITIALIZED_AUTOS = YES_AGGRESSIVE;
				GCC_WARN_UNUSED_FUNCTION = YES;
				GCC_WARN_UNUSED_VARIABLE = YES;
				IPHONEOS_DEPLOYMENT_TARGET = 8.1;
				MTL_ENABLE_DEBUG_INFO = YES;
				ONLY_ACTIVE_ARCH = YES;
				SDKROOT = iphoneos;
				SWIFT_OPTIMIZATION_LEVEL = "-Onone";
				TARGETED_DEVICE_FAMILY = "1,2";
			};
			name = Debug;
		};
		E4BD0B4F1A692C740034A8D0 /* Release */ = {
			isa = XCBuildConfiguration;
			buildSettings = {
				ALWAYS_SEARCH_USER_PATHS = NO;
				CLANG_CXX_LANGUAGE_STANDARD = "gnu++0x";
				CLANG_CXX_LIBRARY = "libc++";
				CLANG_ENABLE_MODULES = YES;
				CLANG_ENABLE_OBJC_ARC = YES;
				CLANG_WARN_BOOL_CONVERSION = YES;
				CLANG_WARN_CONSTANT_CONVERSION = YES;
				CLANG_WARN_DIRECT_OBJC_ISA_USAGE = YES_ERROR;
				CLANG_WARN_EMPTY_BODY = YES;
				CLANG_WARN_ENUM_CONVERSION = YES;
				CLANG_WARN_INT_CONVERSION = YES;
				CLANG_WARN_OBJC_ROOT_CLASS = YES_ERROR;
				CLANG_WARN_UNREACHABLE_CODE = YES;
				CLANG_WARN__DUPLICATE_METHOD_MATCH = YES;
				"CODE_SIGN_IDENTITY[sdk=iphoneos*]" = "iPhone Developer";
				COPY_PHASE_STRIP = YES;
				ENABLE_NS_ASSERTIONS = NO;
				ENABLE_STRICT_OBJC_MSGSEND = YES;
				GCC_C_LANGUAGE_STANDARD = gnu99;
				GCC_WARN_64_TO_32_BIT_CONVERSION = YES;
				GCC_WARN_ABOUT_RETURN_TYPE = YES_ERROR;
				GCC_WARN_UNDECLARED_SELECTOR = YES;
				GCC_WARN_UNINITIALIZED_AUTOS = YES_AGGRESSIVE;
				GCC_WARN_UNUSED_FUNCTION = YES;
				GCC_WARN_UNUSED_VARIABLE = YES;
				IPHONEOS_DEPLOYMENT_TARGET = 8.1;
				MTL_ENABLE_DEBUG_INFO = NO;
				SDKROOT = iphoneos;
				TARGETED_DEVICE_FAMILY = "1,2";
				VALIDATE_PRODUCT = YES;
			};
			name = Release;
		};
		E4BD0B511A692C740034A8D0 /* Debug */ = {
			isa = XCBuildConfiguration;
			buildSettings = {
				ASSETCATALOG_COMPILER_APPICON_NAME = AppIcon;
				INFOPLIST_FILE = LessonManager_Late_Jan_15/Info.plist;
				LD_RUNPATH_SEARCH_PATHS = "$(inherited) @executable_path/Frameworks";
				PRODUCT_NAME = "$(TARGET_NAME)";
			};
			name = Debug;
		};
		E4BD0B521A692C740034A8D0 /* Release */ = {
			isa = XCBuildConfiguration;
			buildSettings = {
				ASSETCATALOG_COMPILER_APPICON_NAME = AppIcon;
				INFOPLIST_FILE = LessonManager_Late_Jan_15/Info.plist;
				LD_RUNPATH_SEARCH_PATHS = "$(inherited) @executable_path/Frameworks";
				PRODUCT_NAME = "$(TARGET_NAME)";
			};
			name = Release;
		};
		E4BD0B541A692C740034A8D0 /* Debug */ = {
			isa = XCBuildConfiguration;
			buildSettings = {
				BUNDLE_LOADER = "$(TEST_HOST)";
				FRAMEWORK_SEARCH_PATHS = (
					"$(SDKROOT)/Developer/Library/Frameworks",
					"$(inherited)",
				);
				GCC_PREPROCESSOR_DEFINITIONS = (
					"DEBUG=1",
					"$(inherited)",
				);
				INFOPLIST_FILE = LessonManager_Late_Jan_15Tests/Info.plist;
				LD_RUNPATH_SEARCH_PATHS = "$(inherited) @executable_path/Frameworks @loader_path/Frameworks";
				PRODUCT_NAME = "$(TARGET_NAME)";
				TEST_HOST = "$(BUILT_PRODUCTS_DIR)/LessonManager_Late_Jan_15.app/LessonManager_Late_Jan_15";
			};
			name = Debug;
		};
		E4BD0B551A692C740034A8D0 /* Release */ = {
			isa = XCBuildConfiguration;
			buildSettings = {
				BUNDLE_LOADER = "$(TEST_HOST)";
				FRAMEWORK_SEARCH_PATHS = (
					"$(SDKROOT)/Developer/Library/Frameworks",
					"$(inherited)",
				);
				INFOPLIST_FILE = LessonManager_Late_Jan_15Tests/Info.plist;
				LD_RUNPATH_SEARCH_PATHS = "$(inherited) @executable_path/Frameworks @loader_path/Frameworks";
				PRODUCT_NAME = "$(TARGET_NAME)";
				TEST_HOST = "$(BUILT_PRODUCTS_DIR)/LessonManager_Late_Jan_15.app/LessonManager_Late_Jan_15";
			};
			name = Release;
		};
/* End XCBuildConfiguration section */

/* Begin XCConfigurationList section */
		E4BD0B2A1A692C740034A8D0 /* Build configuration list for PBXProject "LessonManager_Late_Jan_15" */ = {
			isa = XCConfigurationList;
			buildConfigurations = (
				E4BD0B4E1A692C740034A8D0 /* Debug */,
				E4BD0B4F1A692C740034A8D0 /* Release */,
			);
			defaultConfigurationIsVisible = 0;
			defaultConfigurationName = Release;
		};
		E4BD0B501A692C740034A8D0 /* Build configuration list for PBXNativeTarget "LessonManager_Late_Jan_15" */ = {
			isa = XCConfigurationList;
			buildConfigurations = (
				E4BD0B511A692C740034A8D0 /* Debug */,
				E4BD0B521A692C740034A8D0 /* Release */,
			);
			defaultConfigurationIsVisible = 0;
		};
		E4BD0B531A692C740034A8D0 /* Build configuration list for PBXNativeTarget "LessonManager_Late_Jan_15Tests" */ = {
			isa = XCConfigurationList;
			buildConfigurations = (
				E4BD0B541A692C740034A8D0 /* Debug */,
				E4BD0B551A692C740034A8D0 /* Release */,
			);
			defaultConfigurationIsVisible = 0;
		};
/* End XCConfigurationList section */
	};
	rootObject = E4BD0B271A692C730034A8D0 /* Project object */;
}
